
Microsoft Visual Studio Solution File, Format Version 12.00
# Visual Studio Version 16
VisualStudioVersion = 16.0.30002.166
MinimumVisualStudioVersion = 10.0.40219.1
Project("{FAE04EC0-301F-11D3-BF4B-00C04F79EFBC}") = "POLYMORPHISM-EXERCISE", "POLYMORPHISM-EXERCISE\POLYMORPHISM-EXERCISE.csproj", "{D1BC1AE3-B83D-4BE3-9871-C5A139050AC3}"
EndProject
Global
	GlobalSection(SolutionConfigurationPlatforms) = preSolution
		Debug|Any CPU = Debug|Any CPU
		Release|Any CPU = Release|Any CPU
	EndGlobalSection
	GlobalSection(ProjectConfigurationPlatforms) = postSolution
		{D1BC1AE3-B83D-4BE3-9871-C5A139050AC3}.Debug|Any CPU.ActiveCfg = Debug|Any CPU
		{D1BC1AE3-B83D-4BE3-9871-C5A139050AC3}.Debug|Any CPU.Build.0 = Debug|Any CPU
		{D1BC1AE3-B83D-4BE3-9871-C5A139050AC3}.Release|Any CPU.ActiveCfg = Release|Any CPU
		{D1BC1AE3-B83D-4BE3-9871-C5A139050AC3}.Release|Any CPU.Build.0 = Release|Any CPU
	EndGlobalSection
	GlobalSection(SolutionProperties) = preSolution
		HideSolutionNode = FALSE
	EndGlobalSection
	GlobalSection(ExtensibilityGlobals) = postSolution
		SolutionGuid = {3F0CA441-BBBC-4B4C-862C-D6F7D38170AE}
	EndGlobalSection
EndGlobal
