
Microsoft Visual Studio Solution File, Format Version 12.00
# Visual Studio Version 16
VisualStudioVersion = 16.0.30002.166
MinimumVisualStudioVersion = 10.0.40219.1
Project("{FAE04EC0-301F-11D3-BF4B-00C04F79EFBC}") = "HASHSET-EXERCISE", "HASHSET-EXERCISE\HASHSET-EXERCISE.csproj", "{5007208A-2517-4400-9895-DBF4FE80AF89}"
EndProject
Global
	GlobalSection(SolutionConfigurationPlatforms) = preSolution
		Debug|Any CPU = Debug|Any CPU
		Release|Any CPU = Release|Any CPU
	EndGlobalSection
	GlobalSection(ProjectConfigurationPlatforms) = postSolution
		{5007208A-2517-4400-9895-DBF4FE80AF89}.Debug|Any CPU.ActiveCfg = Debug|Any CPU
		{5007208A-2517-4400-9895-DBF4FE80AF89}.Debug|Any CPU.Build.0 = Debug|Any CPU
		{5007208A-2517-4400-9895-DBF4FE80AF89}.Release|Any CPU.ActiveCfg = Release|Any CPU
		{5007208A-2517-4400-9895-DBF4FE80AF89}.Release|Any CPU.Build.0 = Release|Any CPU
	EndGlobalSection
	GlobalSection(SolutionProperties) = preSolution
		HideSolutionNode = FALSE
	EndGlobalSection
	GlobalSection(ExtensibilityGlobals) = postSolution
		SolutionGuid = {130F5E1A-8C49-41F4-B45F-A55B0EAE5E34}
	EndGlobalSection
EndGlobal
